{
  "name": "@onecomponent/linear-progress",
  "version": "0.0.5",
  "lockfileVersion": 1,
  "requires": true,
  "dependencies": {
    "@material/animation": {
      "version": "0.25.0",
      "resolved": "https://registry.npmjs.org/@material/animation/-/animation-0.25.0.tgz",
      "integrity": "sha512-4RzlpMwJtMnQ3/rNf4zpG9qnoQcCkYiRs6U515MRQzv7qFl1eCZx3U3dGaUu7UVf3Hwx4RskUB/fBxGc0b61CQ=="
    },
    "@material/base": {
      "version": "0.24.0",
      "resolved": "https://registry.npmjs.org/@material/base/-/base-0.24.0.tgz",
      "integrity": "sha512-RG1SbHl6M8a0fdrMAoMm7Fc8jkuj3HhZd0f8Dy5kfUtQk3I7PyzD+MLCrmCHgUAlKbcK2J9VxJWpd4isZr3x9w=="
    },
    "@material/linear-progress": {
      "version": "0.27.0",
      "resolved": "https://registry.npmjs.org/@material/linear-progress/-/linear-progress-0.27.0.tgz",
      "integrity": "sha512-XitcSts6MU0pDnkg54rovFlHgfNJuhhWM0kgEtMIicCurEGbS0Ptg5H+B5DVejBimeZQBZtnl53y0+Q1b/TSMA==",
      "requires": {
        "@material/animation": "0.25.0",
        "@material/base": "0.24.0",
        "@material/theme": "0.27.0"
      }
    },
    "@material/theme": {
      "version": "0.27.0",
      "resolved": "https://registry.npmjs.org/@material/theme/-/theme-0.27.0.tgz",
      "integrity": "sha512-H41/AgCfuCN6jziasTiuNnRtASUBAUOwWAVyWHrcUBSyoUgYMsVpalrMk3goVDMiVPVrxL+yjg8uE6t0zemmbw=="
    }
  }
}
